
Microsoft Visual Studio Solution File, Format Version 11.00
# Visual Studio 2010
Project("{FAE04EC0-301F-11D3-BF4B-00C04F79EFBC}") = "Texture Tool", "Texture Tool\Texture Tool.csproj", "{68F02958-35B1-42AF-9CD5-157320DBE0FF}"
EndProject
Global
	GlobalSection(SolutionConfigurationPlatforms) = preSolution
		Debug|Any CPU = Debug|Any CPU
		Release|Any CPU = Release|Any CPU
	EndGlobalSection
	GlobalSection(ProjectConfigurationPlatforms) = postSolution
		{68F02958-35B1-42AF-9CD5-157320DBE0FF}.Debug|Any CPU.ActiveCfg = Debug|Any CPU
		{68F02958-35B1-42AF-9CD5-157320DBE0FF}.Debug|Any CPU.Build.0 = Debug|Any CPU
		{68F02958-35B1-42AF-9CD5-157320DBE0FF}.Release|Any CPU.ActiveCfg = Release|Any CPU
		{68F02958-35B1-42AF-9CD5-157320DBE0FF}.Release|Any CPU.Build.0 = Release|Any CPU
	EndGlobalSection
	GlobalSection(SolutionProperties) = preSolution
		HideSolutionNode = FALSE
	EndGlobalSection
EndGlobal
